// !$*UTF8*$!
{
	archiveVersion = 1;
	classes = {
	};
	objectVersion = 48;
	objects = {

/* Begin PBXBuildFile section */
		A043B7AF1F9C3D8100C95576 /* AppDelegate.m in Sources */ = {isa = PBXBuildFile; fileRef = A043B7AE1F9C3D8100C95576 /* AppDelegate.m */; };
		A043B7B21F9C3D8100C95576 /* ViewController.m in Sources */ = {isa = PBXBuildFile; fileRef = A043B7B11F9C3D8100C95576 /* ViewController.m */; };
		A043B7B51F9C3D8100C95576 /* Main.storyboard in Resources */ = {isa = PBXBuildFile; fileRef = A043B7B31F9C3D8100C95576 /* Main.storyboard */; };
		A043B7B71F9C3D8100C95576 /* Assets.xcassets in Resources */ = {isa = PBXBuildFile; fileRef = A043B7B61F9C3D8100C95576 /* Assets.xcassets */; };
		A043B7BA1F9C3D8100C95576 /* LaunchScreen.storyboard in Resources */ = {isa = PBXBuildFile; fileRef = A043B7B81F9C3D8100C95576 /* LaunchScreen.storyboard */; };
		A043B7BD1F9C3D8100C95576 /* main.m in Sources */ = {isa = PBXBuildFile; fileRef = A043B7BC1F9C3D8100C95576 /* main.m */; };
		A043B7C71F9C3D8100C95576 /* ynhTests.m in Sources */ = {isa = PBXBuildFile; fileRef = A043B7C61F9C3D8100C95576 /* ynhTests.m */; };
		A043B7D21F9C3D8100C95576 /* ynhUITests.m in Sources */ = {isa = PBXBuildFile; fileRef = A043B7D11F9C3D8100C95576 /* ynhUITests.m */; };
/* End PBXBuildFile section */

/* Begin PBXContainerItemProxy section */
		A043B7C31F9C3D8100C95576 /* PBXContainerItemProxy */ = {
			isa = PBXContainerItemProxy;
			containerPortal = A043B7A21F9C3D8100C95576 /* Project object */;
			proxyType = 1;
			remoteGlobalIDString = A043B7A91F9C3D8100C95576;
			remoteInfo = ynh;
		};
		A043B7CE1F9C3D8100C95576 /* PBXContainerItemProxy */ = {
			isa = PBXContainerItemProxy;
			containerPortal = A043B7A21F9C3D8100C95576 /* Project object */;
			proxyType = 1;
			remoteGlobalIDString = A043B7A91F9C3D8100C95576;
			remoteInfo = ynh;
		};
/* End PBXContainerItemProxy section */

/* Begin PBXFileReference section */
		A043B7AA1F9C3D8100C95576 /* ynh.app */ = {isa = PBXFileReference; explicitFileType = wrapper.application; includeInIndex = 0; path = ynh.app; sourceTree = BUILT_PRODUCTS_DIR; };
		A043B7AD1F9C3D8100C95576 /* AppDelegate.h */ = {isa = PBXFileReference; lastKnownFileType = sourcecode.c.h; path = AppDelegate.h; sourceTree = "<group>"; };
		A043B7AE1F9C3D8100C95576 /* AppDelegate.m */ = {isa = PBXFileReference; lastKnownFileType = sourcecode.c.objc; path = AppDelegate.m; sourceTree = "<group>"; };
		A043B7B01F9C3D8100C95576 /* ViewController.h */ = {isa = PBXFileReference; lastKnownFileType = sourcecode.c.h; path = ViewController.h; sourceTree = "<group>"; };
		A043B7B11F9C3D8100C95576 /* ViewController.m */ = {isa = PBXFileReference; lastKnownFileType = sourcecode.c.objc; path = ViewController.m; sourceTree = "<group>"; };
		A043B7B41F9C3D8100C95576 /* Base */ = {isa = PBXFileReference; lastKnownFileType = file.storyboard; name = Base; path = Base.lproj/Main.storyboard; sourceTree = "<group>"; };
		A043B7B61F9C3D8100C95576 /* Assets.xcassets */ = {isa = PBXFileReference; lastKnownFileType = folder.assetcatalog; path = Assets.xcassets; sourceTree = "<group>"; };
		A043B7B91F9C3D8100C95576 /* Base */ = {isa = PBXFileReference; lastKnownFileType = file.storyboard; name = Base; path = Base.lproj/LaunchScreen.storyboard; sourceTree = "<group>"; };
		A043B7BB1F9C3D8100C95576 /* Info.plist */ = {isa = PBXFileReference; lastKnownFileType = text.plist.xml; path = Info.plist; sourceTree = "<group>"; };
		A043B7BC1F9C3D8100C95576 /* main.m */ = {isa = PBXFileReference; lastKnownFileType = sourcecode.c.objc; path = main.m; sourceTree = "<group>"; };
		A043B7C21F9C3D8100C95576 /* ynhTests.xctest */ = {isa = PBXFileReference; explicitFileType = wrapper.cfbundle; includeInIndex = 0; path = ynhTests.xctest; sourceTree = BUILT_PRODUCTS_DIR; };
		A043B7C61F9C3D8100C95576 /* ynhTests.m */ = {isa = PBXFileReference; lastKnownFileType = sourcecode.c.objc; path = ynhTests.m; sourceTree = "<group>"; };
		A043B7C81F9C3D8100C95576 /* Info.plist */ = {isa = PBXFileReference; lastKnownFileType = text.plist.xml; path = Info.plist; sourceTree = "<group>"; };
		A043B7CD1F9C3D8100C95576 /* ynhUITests.xctest */ = {isa = PBXFileReference; explicitFileType = wrapper.cfbundle; includeInIndex = 0; path = ynhUITests.xctest; sourceTree = BUILT_PRODUCTS_DIR; };
		A043B7D11F9C3D8100C95576 /* ynhUITests.m */ = {isa = PBXFileReference; lastKnownFileType = sourcecode.c.objc; path = ynhUITests.m; sourceTree = "<group>"; };
		A043B7D31F9C3D8100C95576 /* Info.plist */ = {isa = PBXFileReference; lastKnownFileType = text.plist.xml; path = Info.plist; sourceTree = "<group>"; };
/* End PBXFileReference section */

/* Begin PBXFrameworksBuildPhase section */
		A043B7A71F9C3D8100C95576 /* Frameworks */ = {
			isa = PBXFrameworksBuildPhase;
			buildActionMask = 2147483647;
			files = (
			);
			runOnlyForDeploymentPostprocessing = 0;
		};
		A043B7BF1F9C3D8100C95576 /* Frameworks */ = {
			isa = PBXFrameworksBuildPhase;
			buildActionMask = 2147483647;
			files = (
			);
			runOnlyForDeploymentPostprocessing = 0;
		};
		A043B7CA1F9C3D8100C95576 /* Frameworks */ = {
			isa = PBXFrameworksBuildPhase;
			buildActionMask = 2147483647;
			files = (
			);
			runOnlyForDeploymentPostprocessing = 0;
		};
/* End PBXFrameworksBuildPhase section */

/* Begin PBXGroup section */
		A043B7A11F9C3D8100C95576 = {
			isa = PBXGroup;
			children = (
				A043B7AC1F9C3D8100C95576 /* ynh */,
				A043B7C51F9C3D8100C95576 /* ynhTests */,
				A043B7D01F9C3D8100C95576 /* ynhUITests */,
				A043B7AB1F9C3D8100C95576 /* Products */,
			);
			sourceTree = "<group>";
		};
		A043B7AB1F9C3D8100C95576 /* Products */ = {
			isa = PBXGroup;
			children = (
				A043B7AA1F9C3D8100C95576 /* ynh.app */,
				A043B7C21F9C3D8100C95576 /* ynhTests.xctest */,
				A043B7CD1F9C3D8100C95576 /* ynhUITests.xctest */,
			);
			name = Products;
			sourceTree = "<group>";
		};
		A043B7AC1F9C3D8100C95576 /* ynh */ = {
			isa = PBXGroup;
			children = (
				A043B7AD1F9C3D8100C95576 /* AppDelegate.h */,
				A043B7AE1F9C3D8100C95576 /* AppDelegate.m */,
				A043B7B01F9C3D8100C95576 /* ViewController.h */,
				A043B7B11F9C3D8100C95576 /* ViewController.m */,
				A043B7B31F9C3D8100C95576 /* Main.storyboard */,
				A043B7B61F9C3D8100C95576 /* Assets.xcassets */,
				A043B7B81F9C3D8100C95576 /* LaunchScreen.storyboard */,
				A043B7BB1F9C3D8100C95576 /* Info.plist */,
				A043B7BC1F9C3D8100C95576 /* main.m */,
			);
			path = ynh;
			sourceTree = "<group>";
		};
		A043B7C51F9C3D8100C95576 /* ynhTests */ = {
			isa = PBXGroup;
			children = (
				A043B7C61F9C3D8100C95576 /* ynhTests.m */,
				A043B7C81F9C3D8100C95576 /* Info.plist */,
			);
			path = ynhTests;
			sourceTree = "<group>";
		};
		A043B7D01F9C3D8100C95576 /* ynhUITests */ = {
			isa = PBXGroup;
			children = (
				A043B7D11F9C3D8100C95576 /* ynhUITests.m */,
				A043B7D31F9C3D8100C95576 /* Info.plist */,
			);
			path = ynhUITests;
			sourceTree = "<group>";
		};
/* End PBXGroup section */

/* Begin PBXNativeTarget section */
		A043B7A91F9C3D8100C95576 /* ynh */ = {
			isa = PBXNativeTarget;
			buildConfigurationList = A043B7D61F9C3D8100C95576 /* Build configuration list for PBXNativeTarget "ynh" */;
			buildPhases = (
				A043B7A61F9C3D8100C95576 /* Sources */,
				A043B7A71F9C3D8100C95576 /* Frameworks */,
				A043B7A81F9C3D8100C95576 /* Resources */,
			);
			buildRules = (
			);
			dependencies = (
			);
			name = ynh;
			productName = ynh;
			productReference = A043B7AA1F9C3D8100C95576 /* ynh.app */;
			productType = "com.apple.product-type.application";
		};
		A043B7C11F9C3D8100C95576 /* ynhTests */ = {
			isa = PBXNativeTarget;
			buildConfigurationList = A043B7D91F9C3D8100C95576 /* Build configuration list for PBXNativeTarget "ynhTests" */;
			buildPhases = (
				A043B7BE1F9C3D8100C95576 /* Sources */,
				A043B7BF1F9C3D8100C95576 /* Frameworks */,
				A043B7C01F9C3D8100C95576 /* Resources */,
			);
			buildRules = (
			);
			dependencies = (
				A043B7C41F9C3D8100C95576 /* PBXTargetDependency */,
			);
			name = ynhTests;
			productName = ynhTests;
			productReference = A043B7C21F9C3D8100C95576 /* ynhTests.xctest */;
			productType = "com.apple.product-type.bundle.unit-test";
		};
		A043B7CC1F9C3D8100C95576 /* ynhUITests */ = {
			isa = PBXNativeTarget;
			buildConfigurationList = A043B7DC1F9C3D8100C95576 /* Build configuration list for PBXNativeTarget "ynhUITests" */;
			buildPhases = (
				A043B7C91F9C3D8100C95576 /* Sources */,
				A043B7CA1F9C3D8100C95576 /* Frameworks */,
				A043B7CB1F9C3D8100C95576 /* Resources */,
			);
			buildRules = (
			);
			dependencies = (
				A043B7CF1F9C3D8100C95576 /* PBXTargetDependency */,
			);
			name = ynhUITests;
			productName = ynhUITests;
			productReference = A043B7CD1F9C3D8100C95576 /* ynhUITests.xctest */;
			productType = "com.apple.product-type.bundle.ui-testing";
		};
/* End PBXNativeTarget section */

/* Begin PBXProject section */
		A043B7A21F9C3D8100C95576 /* Project object */ = {
			isa = PBXProject;
			attributes = {
				LastUpgradeCheck = 0900;
				ORGANIZATIONNAME = "王杰";
				TargetAttributes = {
					A043B7A91F9C3D8100C95576 = {
						CreatedOnToolsVersion = 9.0;
						ProvisioningStyle = Automatic;
					};
					A043B7C11F9C3D8100C95576 = {
						CreatedOnToolsVersion = 9.0;
						ProvisioningStyle = Automatic;
						TestTargetID = A043B7A91F9C3D8100C95576;
					};
					A043B7CC1F9C3D8100C95576 = {
						CreatedOnToolsVersion = 9.0;
						ProvisioningStyle = Automatic;
						TestTargetID = A043B7A91F9C3D8100C95576;
					};
				};
			};
			buildConfigurationList = A043B7A51F9C3D8100C95576 /* Build configuration list for PBXProject "ynh" */;
			compatibilityVersion = "Xcode 8.0";
			developmentRegion = en;
			hasScannedForEncodings = 0;
			knownRegions = (
				en,
				Base,
			);
			mainGroup = A043B7A11F9C3D8100C95576;
			productRefGroup = A043B7AB1F9C3D8100C95576 /* Products */;
			projectDirPath = "";
			projectRoot = "";
			targets = (
				A043B7A91F9C3D8100C95576 /* ynh */,
				A043B7C11F9C3D8100C95576 /* ynhTests */,
				A043B7CC1F9C3D8100C95576 /* ynhUITests */,
			);
		};
/* End PBXProject section */

/* Begin PBXResourcesBuildPhase section */
		A043B7A81F9C3D8100C95576 /* Resources */ = {
			isa = PBXResourcesBuildPhase;
			buildActionMask = 2147483647;
			files = (
				A043B7BA1F9C3D8100C95576 /* LaunchScreen.storyboard in Resources */,
				A043B7B71F9C3D8100C95576 /* Assets.xcassets in Resources */,
				A043B7B51F9C3D8100C95576 /* Main.storyboard in Resources */,
			);
			runOnlyForDeploymentPostprocessing = 0;
		};
		A043B7C01F9C3D8100C95576 /* Resources */ = {
			isa = PBXResourcesBuildPhase;
			buildActionMask = 2147483647;
			files = (
			);
			runOnlyForDeploymentPostprocessing = 0;
		};
		A043B7CB1F9C3D8100C95576 /* Resources */ = {
			isa = PBXResourcesBuildPhase;
			buildActionMask = 2147483647;
			files = (
			);
			runOnlyForDeploymentPostprocessing = 0;
		};
/* End PBXResourcesBuildPhase section */

/* Begin PBXSourcesBuildPhase section */
		A043B7A61F9C3D8100C95576 /* Sources */ = {
			isa = PBXSourcesBuildPhase;
			buildActionMask = 2147483647;
			files = (
				A043B7B21F9C3D8100C95576 /* ViewController.m in Sources */,
				A043B7BD1F9C3D8100C95576 /* main.m in Sources */,
				A043B7AF1F9C3D8100C95576 /* AppDelegate.m in Sources */,
			);
			runOnlyForDeploymentPostprocessing = 0;
		};
		A043B7BE1F9C3D8100C95576 /* Sources */ = {
			isa = PBXSourcesBuildPhase;
			buildActionMask = 2147483647;
			files = (
				A043B7C71F9C3D8100C95576 /* ynhTests.m in Sources */,
			);
			runOnlyForDeploymentPostprocessing = 0;
		};
		A043B7C91F9C3D8100C95576 /* Sources */ = {
			isa = PBXSourcesBuildPhase;
			buildActionMask = 2147483647;
			files = (
				A043B7D21F9C3D8100C95576 /* ynhUITests.m in Sources */,
			);
			runOnlyForDeploymentPostprocessing = 0;
		};
/* End PBXSourcesBuildPhase section */

/* Begin PBXTargetDependency section */
		A043B7C41F9C3D8100C95576 /* PBXTargetDependency */ = {
			isa = PBXTargetDependency;
			target = A043B7A91F9C3D8100C95576 /* ynh */;
			targetProxy = A043B7C31F9C3D8100C95576 /* PBXContainerItemProxy */;
		};
		A043B7CF1F9C3D8100C95576 /* PBXTargetDependency */ = {
			isa = PBXTargetDependency;
			target = A043B7A91F9C3D8100C95576 /* ynh */;
			targetProxy = A043B7CE1F9C3D8100C95576 /* PBXContainerItemProxy */;
		};
/* End PBXTargetDependency section */

/* Begin PBXVariantGroup section */
		A043B7B31F9C3D8100C95576 /* Main.storyboard */ = {
			isa = PBXVariantGroup;
			children = (
				A043B7B41F9C3D8100C95576 /* Base */,
			);
			name = Main.storyboard;
			sourceTree = "<group>";
		};
		A043B7B81F9C3D8100C95576 /* LaunchScreen.storyboard */ = {
			isa = PBXVariantGroup;
			children = (
				A043B7B91F9C3D8100C95576 /* Base */,
			);
			name = LaunchScreen.storyboard;
			sourceTree = "<group>";
		};
/* End PBXVariantGroup section */

/* Begin XCBuildConfiguration section */
		A043B7D41F9C3D8100C95576 /* Debug */ = {
			isa = XCBuildConfiguration;
			buildSettings = {
				ALWAYS_SEARCH_USER_PATHS = NO;
				CLANG_ANALYZER_NONNULL = YES;
				CLANG_ANALYZER_NUMBER_OBJECT_CONVERSION = YES_AGGRESSIVE;
				CLANG_CXX_LANGUAGE_STANDARD = "gnu++14";
				CLANG_CXX_LIBRARY = "libc++";
				CLANG_ENABLE_MODULES = YES;
				CLANG_ENABLE_OBJC_ARC = YES;
				CLANG_WARN_BLOCK_CAPTURE_AUTORELEASING = YES;
				CLANG_WARN_BOOL_CONVERSION = YES;
				CLANG_WARN_COMMA = YES;
				CLANG_WARN_CONSTANT_CONVERSION = YES;
				CLANG_WARN_DIRECT_OBJC_ISA_USAGE = YES_ERROR;
				CLANG_WARN_DOCUMENTATION_COMMENTS = YES;
				CLANG_WARN_EMPTY_BODY = YES;
				CLANG_WARN_ENUM_CONVERSION = YES;
				CLANG_WARN_INFINITE_RECURSION = YES;
				CLANG_WARN_INT_CONVERSION = YES;
				CLANG_WARN_NON_LITERAL_NULL_CONVERSION = YES;
				CLANG_WARN_OBJC_LITERAL_CONVERSION = YES;
				CLANG_WARN_OBJC_ROOT_CLASS = YES_ERROR;
				CLANG_WARN_RANGE_LOOP_ANALYSIS = YES;
				CLANG_WARN_STRICT_PROTOTYPES = YES;
				CLANG_WARN_SUSPICIOUS_MOVE = YES;
				CLANG_WARN_UNGUARDED_AVAILABILITY = YES_AGGRESSIVE;
				CLANG_WARN_UNREACHABLE_CODE = YES;
				CLANG_WARN__DUPLICATE_METHOD_MATCH = YES;
				CODE_SIGN_IDENTITY = "iPhone Developer";
				COPY_PHASE_STRIP = NO;
				DEBUG_INFORMATION_FORMAT = dwarf;
				ENABLE_STRICT_OBJC_MSGSEND = YES;
				ENABLE_TESTABILITY = YES;
				GCC_C_LANGUAGE_STANDARD = gnu11;
				GCC_DYNAMIC_NO_PIC = NO;
				GCC_NO_COMMON_BLOCKS = YES;
				GCC_OPTIMIZATION_LEVEL = 0;
				GCC_PREPROCESSOR_DEFINITIONS = (
					"DEBUG=1",
					"$(inherited)",
				);
				GCC_WARN_64_TO_32_BIT_CONVERSION = YES;
				GCC_WARN_ABOUT_RETURN_TYPE = YES_ERROR;
				GCC_WARN_UNDECLARED_SELECTOR = YES;
				GCC_WARN_UNINITIALIZED_AUTOS = YES_AGGRESSIVE;
				GCC_WARN_UNUSED_FUNCTION = YES;
				GCC_WARN_UNUSED_VARIABLE = YES;
				IPHONEOS_DEPLOYMENT_TARGET = 11.0;
				MTL_ENABLE_DEBUG_INFO = YES;
				ONLY_ACTIVE_ARCH = YES;
				SDKROOT = iphoneos;
			};
			name = Debug;
		};
		A043B7D51F9C3D8100C95576 /* Release */ = {
			isa = XCBuildConfiguration;
			buildSettings = {
				ALWAYS_SEARCH_USER_PATHS = NO;
				CLANG_ANALYZER_NONNULL = YES;
				CLANG_ANALYZER_NUMBER_OBJECT_CONVERSION = YES_AGGRESSIVE;
				CLANG_CXX_LANGUAGE_STANDARD = "gnu++14";
				CLANG_CXX_LIBRARY = "libc++";
				CLANG_ENABLE_MODULES = YES;
				CLANG_ENABLE_OBJC_ARC = YES;
				CLANG_WARN_BLOCK_CAPTURE_AUTORELEASING = YES;
				CLANG_WARN_BOOL_CONVERSION = YES;
				CLANG_WARN_COMMA = YES;
				CLANG_WARN_CONSTANT_CONVERSION = YES;
				CLANG_WARN_DIRECT_OBJC_ISA_USAGE = YES_ERROR;
				CLANG_WARN_DOCUMENTATION_COMMENTS = YES;
				CLANG_WARN_EMPTY_BODY = YES;
				CLANG_WARN_ENUM_CONVERSION = YES;
				CLANG_WARN_INFINITE_RECURSION = YES;
				CLANG_WARN_INT_CONVERSION = YES;
				CLANG_WARN_NON_LITERAL_NULL_CONVERSION = YES;
				CLANG_WARN_OBJC_LITERAL_CONVERSION = YES;
				CLANG_WARN_OBJC_ROOT_CLASS = YES_ERROR;
				CLANG_WARN_RANGE_LOOP_ANALYSIS = YES;
				CLANG_WARN_STRICT_PROTOTYPES = YES;
				CLANG_WARN_SUSPICIOUS_MOVE = YES;
				CLANG_WARN_UNGUARDED_AVAILABILITY = YES_AGGRESSIVE;
				CLANG_WARN_UNREACHABLE_CODE = YES;
				CLANG_WARN__DUPLICATE_METHOD_MATCH = YES;
				CODE_SIGN_IDENTITY = "iPhone Developer";
				COPY_PHASE_STRIP = NO;
				DEBUG_INFORMATION_FORMAT = "dwarf-with-dsym";
				ENABLE_NS_ASSERTIONS = NO;
				ENABLE_STRICT_OBJC_MSGSEND = YES;
				GCC_C_LANGUAGE_STANDARD = gnu11;
				GCC_NO_COMMON_BLOCKS = YES;
				GCC_WARN_64_TO_32_BIT_CONVERSION = YES;
				GCC_WARN_ABOUT_RETURN_TYPE = YES_ERROR;
				GCC_WARN_UNDECLARED_SELECTOR = YES;
				GCC_WARN_UNINITIALIZED_AUTOS = YES_AGGRESSIVE;
				GCC_WARN_UNUSED_FUNCTION = YES;
				GCC_WARN_UNUSED_VARIABLE = YES;
				IPHONEOS_DEPLOYMENT_TARGET = 11.0;
				MTL_ENABLE_DEBUG_INFO = NO;
				SDKROOT = iphoneos;
				VALIDATE_PRODUCT = YES;
			};
			name = Release;
		};
		A043B7D71F9C3D8100C95576 /* Debug */ = {
			isa = XCBuildConfiguration;
			buildSettings = {
				ASSETCATALOG_COMPILER_APPICON_NAME = AppIcon;
				CODE_SIGN_STYLE = Automatic;
				DEVELOPMENT_TEAM = F6P49G4C6V;
				INFOPLIST_FILE = ynh/Info.plist;
				LD_RUNPATH_SEARCH_PATHS = "$(inherited) @executable_path/Frameworks";
				PRODUCT_BUNDLE_IDENTIFIER = com.atfw.ynh;
				PRODUCT_NAME = "$(TARGET_NAME)";
				TARGETED_DEVICE_FAMILY = "1,2";
			};
			name = Debug;
		};
		A043B7D81F9C3D8100C95576 /* Release */ = {
			isa = XCBuildConfiguration;
			buildSettings = {
				ASSETCATALOG_COMPILER_APPICON_NAME = AppIcon;
				CODE_SIGN_STYLE = Automatic;
				DEVELOPMENT_TEAM = F6P49G4C6V;
				INFOPLIST_FILE = ynh/Info.plist;
				LD_RUNPATH_SEARCH_PATHS = "$(inherited) @executable_path/Frameworks";
				PRODUCT_BUNDLE_IDENTIFIER = com.atfw.ynh;
				PRODUCT_NAME = "$(TARGET_NAME)";
				TARGETED_DEVICE_FAMILY = "1,2";
			};
			name = Release;
		};
		A043B7DA1F9C3D8100C95576 /* Debug */ = {
			isa = XCBuildConfiguration;
			buildSettings = {
				BUNDLE_LOADER = "$(TEST_HOST)";
				CODE_SIGN_STYLE = Automatic;
				DEVELOPMENT_TEAM = F6P49G4C6V;
				INFOPLIST_FILE = ynhTests/Info.plist;
				LD_RUNPATH_SEARCH_PATHS = "$(inherited) @executable_path/Frameworks @loader_path/Frameworks";
				PRODUCT_BUNDLE_IDENTIFIER = com.atfw.ynhTests;
				PRODUCT_NAME = "$(TARGET_NAME)";
				TARGETED_DEVICE_FAMILY = "1,2";
				TEST_HOST = "$(BUILT_PRODUCTS_DIR)/ynh.app/ynh";
			};
			name = Debug;
		};
		A043B7DB1F9C3D8100C95576 /* Release */ = {
			isa = XCBuildConfiguration;
			buildSettings = {
				BUNDLE_LOADER = "$(TEST_HOST)";
				CODE_SIGN_STYLE = Automatic;
				DEVELOPMENT_TEAM = F6P49G4C6V;
				INFOPLIST_FILE = ynhTests/Info.plist;
				LD_RUNPATH_SEARCH_PATHS = "$(inherited) @executable_path/Frameworks @loader_path/Frameworks";
				PRODUCT_BUNDLE_IDENTIFIER = com.atfw.ynhTests;
				PRODUCT_NAME = "$(TARGET_NAME)";
				TARGETED_DEVICE_FAMILY = "1,2";
				TEST_HOST = "$(BUILT_PRODUCTS_DIR)/ynh.app/ynh";
			};
			name = Release;
		};
		A043B7DD1F9C3D8100C95576 /* Debug */ = {
			isa = XCBuildConfiguration;
			buildSettings = {
				CODE_SIGN_STYLE = Automatic;
				DEVELOPMENT_TEAM = F6P49G4C6V;
				INFOPLIST_FILE = ynhUITests/Info.plist;
				LD_RUNPATH_SEARCH_PATHS = "$(inherited) @executable_path/Frameworks @loader_path/Frameworks";
				PRODUCT_BUNDLE_IDENTIFIER = com.atfw.ynhUITests;
				PRODUCT_NAME = "$(TARGET_NAME)";
				TARGETED_DEVICE_FAMILY = "1,2";
				TEST_TARGET_NAME = ynh;
			};
			name = Debug;
		};
		A043B7DE1F9C3D8100C95576 /* Release */ = {
			isa = XCBuildConfiguration;
			buildSettings = {
				CODE_SIGN_STYLE = Automatic;
				DEVELOPMENT_TEAM = F6P49G4C6V;
				INFOPLIST_FILE = ynhUITests/Info.plist;
				LD_RUNPATH_SEARCH_PATHS = "$(inherited) @executable_path/Frameworks @loader_path/Frameworks";
				PRODUCT_BUNDLE_IDENTIFIER = com.atfw.ynhUITests;
				PRODUCT_NAME = "$(TARGET_NAME)";
				TARGETED_DEVICE_FAMILY = "1,2";
				TEST_TARGET_NAME = ynh;
			};
			name = Release;
		};
/* End XCBuildConfiguration section */

/* Begin XCConfigurationList section */
		A043B7A51F9C3D8100C95576 /* Build configuration list for PBXProject "ynh" */ = {
			isa = XCConfigurationList;
			buildConfigurations = (
				A043B7D41F9C3D8100C95576 /* Debug */,
				A043B7D51F9C3D8100C95576 /* Release */,
			);
			defaultConfigurationIsVisible = 0;
			defaultConfigurationName = Release;
		};
		A043B7D61F9C3D8100C95576 /* Build configuration list for PBXNativeTarget "ynh" */ = {
			isa = XCConfigurationList;
			buildConfigurations = (
				A043B7D71F9C3D8100C95576 /* Debug */,
				A043B7D81F9C3D8100C95576 /* Release */,
			);
			defaultConfigurationIsVisible = 0;
			defaultConfigurationName = Release;
		};
		A043B7D91F9C3D8100C95576 /* Build configuration list for PBXNativeTarget "ynhTests" */ = {
			isa = XCConfigurationList;
			buildConfigurations = (
				A043B7DA1F9C3D8100C95576 /* Debug */,
				A043B7DB1F9C3D8100C95576 /* Release */,
			);
			defaultConfigurationIsVisible = 0;
			defaultConfigurationName = Release;
		};
		A043B7DC1F9C3D8100C95576 /* Build configuration list for PBXNativeTarget "ynhUITests" */ = {
			isa = XCConfigurationList;
			buildConfigurations = (
				A043B7DD1F9C3D8100C95576 /* Debug */,
				A043B7DE1F9C3D8100C95576 /* Release */,
			);
			defaultConfigurationIsVisible = 0;
			defaultConfigurationName = Release;
		};
/* End XCConfigurationList section */
	};
	rootObject = A043B7A21F9C3D8100C95576 /* Project object */;
}
